Microsoft Visual Studio Solution File, Format Version 12.00
# Visual Studio Version 17
VisualStudioVersion = 17.5.2.0
MinimumVisualStudioVersion = 10.0.40219.1
Project("{2150E333-8FDC-42A3-9474-1A3956D46DE8}") = "backend", "backend", "{1AE8ACA6-933B-BF2A-3671-3E2EAC007D16}"
EndProject
Project("{2150E333-8FDC-42A3-9474-1A3956D46DE8}") = "src", "src", "{0F9113EE-888A-26D2-68B0-4A7D0A2A8745}"
EndProject
Project("{2150E333-8FDC-42A3-9474-1A3956D46DE8}") = "BuildingBlocks", "BuildingBlocks", "{3518C6FE-7C6C-C575-CC03-E8DAA010DCAF}"
EndProject
Project("{FAE04EC0-301F-11D3-BF4B-00C04F79EFBC}") = "AURA.Shared.Infra", "backend\src\BuildingBlocks\AURA.Shared.Infra\AURA.Shared.Infra.csproj", "{A8F437DC-C8DA-534F-8D96-8A63ABB51F0D}"
EndProject
Project("{FAE04EC0-301F-11D3-BF4B-00C04F79EFBC}") = "AURA.Shared.Kernel", "backend\src\BuildingBlocks\AURA.Shared.Kernel\AURA.Shared.Kernel.csproj", "{9D6F0EB9-5C13-C677-4793-271623B62517}"
EndProject
Project("{FAE04EC0-301F-11D3-BF4B-00C04F79EFBC}") = "AURA.Shared.Messaging", "backend\src\BuildingBlocks\AURA.Shared.Messaging\AURA.Shared.Messaging.csproj", "{885D819B-99E6-70A8-1F25-657084840B41}"
EndProject
Project("{2150E333-8FDC-42A3-9474-1A3956D46DE8}") = "Services", "Services", "{116B0F92-DA76-B1CE-9A75-4D58AC720EB3}"
EndProject
Project("{2150E333-8FDC-42A3-9474-1A3956D46DE8}") = "Billing", "Billing", "{0142017A-4F0D-49FA-BEB8-83428AF69D9D}"
EndProject
Project("{FAE04EC0-301F-11D3-BF4B-00C04F79EFBC}") = "AURA.Services.Billing.API", "backend\src\Services\Billing\AURA.Services.Billing.API\AURA.Services.Billing.API.csproj", "{4B8885DB-12D2-AD07-1307-819D8E5CA15B}"
EndProject
Project("{FAE04EC0-301F-11D3-BF4B-00C04F79EFBC}") = "AURA.Services.Billing.Application", "backend\src\Services\Billing\AURA.Services.Billing.Application\AURA.Services.Billing.Application.csproj", "{6253B492-0B12-F03F-2F91-479FA705D89B}"
EndProject
Project("{FAE04EC0-301F-11D3-BF4B-00C04F79EFBC}") = "AURA.Services.Billing.Domain", "backend\src\Services\Billing\AURA.Services.Billing.Domain\AURA.Services.Billing.Domain.csproj", "{DF32CC2D-8CB9-E38A-EACB-86C7D0E5D5AC}"
EndProject
Project("{FAE04EC0-301F-11D3-BF4B-00C04F79EFBC}") = "AURA.Services.Billing.Infrastructure", "backend\src\Services\Billing\AURA.Services.Billing.Infrastructure\AURA.Services.Billing.Infrastructure.csproj", "{83357C71-46E2-C4CC-B7C2-4D7F651F8E34}"
EndProject
Project("{2150E333-8FDC-42A3-9474-1A3956D46DE8}") = "Identity", "Identity", "{A08010CD-F96C-0651-09A1-8A960D12CCF1}"
EndProject
Project("{FAE04EC0-301F-11D3-BF4B-00C04F79EFBC}") = "AURA.Services.Identity.API", "backend\src\Services\Identity\AURA.Services.Identity.API\AURA.Services.Identity.API.csproj", "{F082A018-EBA1-DE1D-12A8-ABF9BBD39600}"
EndProject
Project("{FAE04EC0-301F-11D3-BF4B-00C04F79EFBC}") = "AURA.Services.Identity.Application", "backend\src\Services\Identity\AURA.Services.Identity.Application\AURA.Services.Identity.Application.csproj", "{55367230-FFF9-EA15-5F29-91CC5B18B0B6}"
EndProject
Project("{FAE04EC0-301F-11D3-BF4B-00C04F79EFBC}") = "AURA.Services.Identity.Domain", "backend\src\Services\Identity\AURA.Services.Identity.Domain\AURA.Services.Identity.Domain.csproj", "{D4CA44AC-E653-DCA2-2B18-1BAEF5D76E05}"
EndProject
Project("{FAE04EC0-301F-11D3-BF4B-00C04F79EFBC}") = "AURA.Services.Identity.Infrastructure", "backend\src\Services\Identity\AURA.Services.Identity.Infrastructure\AURA.Services.Identity.Infrastructure.csproj", "{8A7D1388-6492-6352-9889-C8F27B7198A9}"
EndProject
Project("{2150E333-8FDC-42A3-9474-1A3956D46DE8}") = "Imaging", "Imaging", "{12D5C1CE-B255-8106-623E-76FA7AA2DC60}"
EndProject
Project("{FAE04EC0-301F-11D3-BF4B-00C04F79EFBC}") = "AURA.Services.Imaging.API", "backend\src\Services\Imaging\AURA.Services.Imaging.API\AURA.Services.Imaging.API.csproj", "{D8C61C75-E128-3612-D13F-C86A6627F9AF}"
EndProject
Project("{FAE04EC0-301F-11D3-BF4B-00C04F79EFBC}") = "AURA.Services.Imaging.Application", "backend\src\Services\Imaging\AURA.Services.Imaging.Application\AURA.Services.Imaging.Application.csproj", "{B4DF3AA4-D41D-C57F-69FC-2ED2A998220D}"
EndProject
Project("{FAE04EC0-301F-11D3-BF4B-00C04F79EFBC}") = "AURA.Services.Imaging.Domain", "backend\src\Services\Imaging\AURA.Services.Imaging.Domain\AURA.Services.Imaging.Domain.csproj", "{27FFF9D6-1E3E-ADD5-94D4-6D66615781AE}"
EndProject
Project("{FAE04EC0-301F-11D3-BF4B-00C04F79EFBC}") = "AURA.Services.Imaging.Infrastructure", "backend\src\Services\Imaging\AURA.Services.Imaging.Infrastructure\AURA.Services.Imaging.Infrastructure.csproj", "{912DABC5-D065-5F38-2B60-61B0E1B368B2}"
EndProject
Project("{2150E333-8FDC-42A3-9474-1A3956D46DE8}") = "MedicalRecord", "MedicalRecord", "{9E0FC3C4-DA54-3958-6A06-47BF9ABE71F9}"
EndProject
Project("{FAE04EC0-301F-11D3-BF4B-00C04F79EFBC}") = "AURA.Services.MedicalRecord.API", "backend\src\Services\MedicalRecord\AURA.Services.MedicalRecord.API\AURA.Services.MedicalRecord.API.csproj", "{83763E3C-1544-D78B-96D7-A069F5BB161F}"
EndProject
Project("{FAE04EC0-301F-11D3-BF4B-00C04F79EFBC}") = "AURA.Services.MedicalRecord.Application", "backend\src\Services\MedicalRecord\AURA.Services.MedicalRecord.Application\AURA.Services.MedicalRecord.Application.csproj", "{F19A0217-EEB5-BC18-51C5-1F2B4B6DF53A}"
EndProject
Project("{FAE04EC0-301F-11D3-BF4B-00C04F79EFBC}") = "AURA.Services.MedicalRecord.Domain", "backend\src\Services\MedicalRecord\AURA.Services.MedicalRecord.Domain\AURA.Services.MedicalRecord.Domain.csproj", "{FFBE6B22-A129-EC8C-9EFC-8D955EF6F7DA}"
EndProject
Project("{FAE04EC0-301F-11D3-BF4B-00C04F79EFBC}") = "AURA.Services.MedicalRecord.Infrastructure", "backend\src\Services\MedicalRecord\AURA.Services.MedicalRecord.Infrastructure\AURA.Services.MedicalRecord.Infrastructure.csproj", "{CCB88F77-C19B-8224-A881-FB19A95637BC}"
EndProject
Project("{2150E333-8FDC-42A3-9474-1A3956D46DE8}") = "Notification", "Notification", "{F2683523-0233-7C17-9FFE-28740B89CC5F}"
EndProject
Project("{FAE04EC0-301F-11D3-BF4B-00C04F79EFBC}") = "AURA.Services.Notification.API", "backend\src\Services\Notification\AURA.Services.Notification.API\AURA.Services.Notification.API.csproj", "{8D6DD42C-7406-C142-6DD2-E863D82BE96D}"
EndProject
Global
	GlobalSection(SolutionConfigurationPlatforms) = preSolution
		Debug|Any CPU = Debug|Any CPU
		Release|Any CPU = Release|Any CPU
	EndGlobalSection
	GlobalSection(ProjectConfigurationPlatforms) = postSolution
		{A8F437DC-C8DA-534F-8D96-8A63ABB51F0D}.Debug|Any CPU.ActiveCfg = Debug|Any CPU
		{A8F437DC-C8DA-534F-8D96-8A63ABB51F0D}.Debug|Any CPU.Build.0 = Debug|Any CPU
		{A8F437DC-C8DA-534F-8D96-8A63ABB51F0D}.Release|Any CPU.ActiveCfg = Release|Any CPU
		{A8F437DC-C8DA-534F-8D96-8A63ABB51F0D}.Release|Any CPU.Build.0 = Release|Any CPU
		{9D6F0EB9-5C13-C677-4793-271623B62517}.Debug|Any CPU.ActiveCfg = Debug|Any CPU
		{9D6F0EB9-5C13-C677-4793-271623B62517}.Debug|Any CPU.Build.0 = Debug|Any CPU
		{9D6F0EB9-5C13-C677-4793-271623B62517}.Release|Any CPU.ActiveCfg = Release|Any CPU
		{9D6F0EB9-5C13-C677-4793-271623B62517}.Release|Any CPU.Build.0 = Release|Any CPU
		{885D819B-99E6-70A8-1F25-657084840B41}.Debug|Any CPU.ActiveCfg = Debug|Any CPU
		{885D819B-99E6-70A8-1F25-657084840B41}.Debug|Any CPU.Build.0 = Debug|Any CPU
		{885D819B-99E6-70A8-1F25-657084840B41}.Release|Any CPU.ActiveCfg = Release|Any CPU
		{885D819B-99E6-70A8-1F25-657084840B41}.Release|Any CPU.Build.0 = Release|Any CPU
		{4B8885DB-12D2-AD07-1307-819D8E5CA15B}.Debug|Any CPU.ActiveCfg = Debug|Any CPU
		{4B8885DB-12D2-AD07-1307-819D8E5CA15B}.Debug|Any CPU.Build.0 = Debug|Any CPU
		{4B8885DB-12D2-AD07-1307-819D8E5CA15B}.Release|Any CPU.ActiveCfg = Release|Any CPU
		{4B8885DB-12D2-AD07-1307-819D8E5CA15B}.Release|Any CPU.Build.0 = Release|Any CPU
		{6253B492-0B12-F03F-2F91-479FA705D89B}.Debug|Any CPU.ActiveCfg = Debug|Any CPU
		{6253B492-0B12-F03F-2F91-479FA705D89B}.Debug|Any CPU.Build.0 = Debug|Any CPU
		{6253B492-0B12-F03F-2F91-479FA705D89B}.Release|Any CPU.ActiveCfg = Release|Any CPU
		{6253B492-0B12-F03F-2F91-479FA705D89B}.Release|Any CPU.Build.0 = Release|Any CPU
		{DF32CC2D-8CB9-E38A-EACB-86C7D0E5D5AC}.Debug|Any CPU.ActiveCfg = Debug|Any CPU
		{DF32CC2D-8CB9-E38A-EACB-86C7D0E5D5AC}.Debug|Any CPU.Build.0 = Debug|Any CPU
		{DF32CC2D-8CB9-E38A-EACB-86C7D0E5D5AC}.Release|Any CPU.ActiveCfg = Release|Any CPU
		{DF32CC2D-8CB9-E38A-EACB-86C7D0E5D5AC}.Release|Any CPU.Build.0 = Release|Any CPU
		{83357C71-46E2-C4CC-B7C2-4D7F651F8E34}.Debug|Any CPU.ActiveCfg = Debug|Any CPU
		{83357C71-46E2-C4CC-B7C2-4D7F651F8E34}.Debug|Any CPU.Build.0 = Debug|Any CPU
		{83357C71-46E2-C4CC-B7C2-4D7F651F8E34}.Release|Any CPU.ActiveCfg = Release|Any CPU
		{83357C71-46E2-C4CC-B7C2-4D7F651F8E34}.Release|Any CPU.Build.0 = Release|Any CPU
		{F082A018-EBA1-DE1D-12A8-ABF9BBD39600}.Debug|Any CPU.ActiveCfg = Debug|Any CPU
		{F082A018-EBA1-DE1D-12A8-ABF9BBD39600}.Debug|Any CPU.Build.0 = Debug|Any CPU
		{F082A018-EBA1-DE1D-12A8-ABF9BBD39600}.Release|Any CPU.ActiveCfg = Release|Any CPU
		{F082A018-EBA1-DE1D-12A8-ABF9BBD39600}.Release|Any CPU.Build.0 = Release|Any CPU
		{55367230-FFF9-EA15-5F29-91CC5B18B0B6}.Debug|Any CPU.ActiveCfg = Debug|Any CPU
		{55367230-FFF9-EA15-5F29-91CC5B18B0B6}.Debug|Any CPU.Build.0 = Debug|Any CPU
		{55367230-FFF9-EA15-5F29-91CC5B18B0B6}.Release|Any CPU.ActiveCfg = Release|Any CPU
		{55367230-FFF9-EA15-5F29-91CC5B18B0B6}.Release|Any CPU.Build.0 = Release|Any CPU
		{D4CA44AC-E653-DCA2-2B18-1BAEF5D76E05}.Debug|Any CPU.ActiveCfg = Debug|Any CPU
		{D4CA44AC-E653-DCA2-2B18-1BAEF5D76E05}.Debug|Any CPU.Build.0 = Debug|Any CPU
		{D4CA44AC-E653-DCA2-2B18-1BAEF5D76E05}.Release|Any CPU.ActiveCfg = Release|Any CPU
		{D4CA44AC-E653-DCA2-2B18-1BAEF5D76E05}.Release|Any CPU.Build.0 = Release|Any CPU
		{8A7D1388-6492-6352-9889-C8F27B7198A9}.Debug|Any CPU.ActiveCfg = Debug|Any CPU
		{8A7D1388-6492-6352-9889-C8F27B7198A9}.Debug|Any CPU.Build.0 = Debug|Any CPU
		{8A7D1388-6492-6352-9889-C8F27B7198A9}.Release|Any CPU.ActiveCfg = Release|Any CPU
		{8A7D1388-6492-6352-9889-C8F27B7198A9}.Release|Any CPU.Build.0 = Release|Any CPU
		{D8C61C75-E128-3612-D13F-C86A6627F9AF}.Debug|Any CPU.ActiveCfg = Debug|Any CPU
		{D8C61C75-E128-3612-D13F-C86A6627F9AF}.Debug|Any CPU.Build.0 = Debug|Any CPU
		{D8C61C75-E128-3612-D13F-C86A6627F9AF}.Release|Any CPU.ActiveCfg = Release|Any CPU
		{D8C61C75-E128-3612-D13F-C86A6627F9AF}.Release|Any CPU.Build.0 = Release|Any CPU
		{B4DF3AA4-D41D-C57F-69FC-2ED2A998220D}.Debug|Any CPU.ActiveCfg = Debug|Any CPU
		{B4DF3AA4-D41D-C57F-69FC-2ED2A998220D}.Debug|Any CPU.Build.0 = Debug|Any CPU
		{B4DF3AA4-D41D-C57F-69FC-2ED2A998220D}.Release|Any CPU.ActiveCfg = Release|Any CPU
		{B4DF3AA4-D41D-C57F-69FC-2ED2A998220D}.Release|Any CPU.Build.0 = Release|Any CPU
		{27FFF9D6-1E3E-ADD5-94D4-6D66615781AE}.Debug|Any CPU.ActiveCfg = Debug|Any CPU
		{27FFF9D6-1E3E-ADD5-94D4-6D66615781AE}.Debug|Any CPU.Build.0 = Debug|Any CPU
		{27FFF9D6-1E3E-ADD5-94D4-6D66615781AE}.Release|Any CPU.ActiveCfg = Release|Any CPU
		{27FFF9D6-1E3E-ADD5-94D4-6D66615781AE}.Release|Any CPU.Build.0 = Release|Any CPU
		{912DABC5-D065-5F38-2B60-61B0E1B368B2}.Debug|Any CPU.ActiveCfg = Debug|Any CPU
		{912DABC5-D065-5F38-2B60-61B0E1B368B2}.Debug|Any CPU.Build.0 = Debug|Any CPU
		{912DABC5-D065-5F38-2B60-61B0E1B368B2}.Release|Any CPU.ActiveCfg = Release|Any CPU
		{912DABC5-D065-5F38-2B60-61B0E1B368B2}.Release|Any CPU.Build.0 = Release|Any CPU
		{83763E3C-1544-D78B-96D7-A069F5BB161F}.Debug|Any CPU.ActiveCfg = Debug|Any CPU
		{83763E3C-1544-D78B-96D7-A069F5BB161F}.Debug|Any CPU.Build.0 = Debug|Any CPU
		{83763E3C-1544-D78B-96D7-A069F5BB161F}.Release|Any CPU.ActiveCfg = Release|Any CPU
		{83763E3C-1544-D78B-96D7-A069F5BB161F}.Release|Any CPU.Build.0 = Release|Any CPU
		{F19A0217-EEB5-BC18-51C5-1F2B4B6DF53A}.Debug|Any CPU.ActiveCfg = Debug|Any CPU
		{F19A0217-EEB5-BC18-51C5-1F2B4B6DF53A}.Debug|Any CPU.Build.0 = Debug|Any CPU
		{F19A0217-EEB5-BC18-51C5-1F2B4B6DF53A}.Release|Any CPU.ActiveCfg = Release|Any CPU
		{F19A0217-EEB5-BC18-51C5-1F2B4B6DF53A}.Release|Any CPU.Build.0 = Release|Any CPU
		{FFBE6B22-A129-EC8C-9EFC-8D955EF6F7DA}.Debug|Any CPU.ActiveCfg = Debug|Any CPU
		{FFBE6B22-A129-EC8C-9EFC-8D955EF6F7DA}.Debug|Any CPU.Build.0 = Debug|Any CPU
		{FFBE6B22-A129-EC8C-9EFC-8D955EF6F7DA}.Release|Any CPU.ActiveCfg = Release|Any CPU
		{FFBE6B22-A129-EC8C-9EFC-8D955EF6F7DA}.Release|Any CPU.Build.0 = Release|Any CPU
		{CCB88F77-C19B-8224-A881-FB19A95637BC}.Debug|Any CPU.ActiveCfg = Debug|Any CPU
		{CCB88F77-C19B-8224-A881-FB19A95637BC}.Debug|Any CPU.Build.0 = Debug|Any CPU
		{CCB88F77-C19B-8224-A881-FB19A95637BC}.Release|Any CPU.ActiveCfg = Release|Any CPU
		{CCB88F77-C19B-8224-A881-FB19A95637BC}.Release|Any CPU.Build.0 = Release|Any CPU
		{8D6DD42C-7406-C142-6DD2-E863D82BE96D}.Debug|Any CPU.ActiveCfg = Debug|Any CPU
		{8D6DD42C-7406-C142-6DD2-E863D82BE96D}.Debug|Any CPU.Build.0 = Debug|Any CPU
		{8D6DD42C-7406-C142-6DD2-E863D82BE96D}.Release|Any CPU.ActiveCfg = Release|Any CPU
		{8D6DD42C-7406-C142-6DD2-E863D82BE96D}.Release|Any CPU.Build.0 = Release|Any CPU
	EndGlobalSection
	GlobalSection(SolutionProperties) = preSolution
		HideSolutionNode = FALSE
	EndGlobalSection
	GlobalSection(NestedProjects) = preSolution
		{0F9113EE-888A-26D2-68B0-4A7D0A2A8745} = {1AE8ACA6-933B-BF2A-3671-3E2EAC007D16}
		{3518C6FE-7C6C-C575-CC03-E8DAA010DCAF} = {0F9113EE-888A-26D2-68B0-4A7D0A2A8745}
		{A8F437DC-C8DA-534F-8D96-8A63ABB51F0D} = {3518C6FE-7C6C-C575-CC03-E8DAA010DCAF}
		{9D6F0EB9-5C13-C677-4793-271623B62517} = {3518C6FE-7C6C-C575-CC03-E8DAA010DCAF}
		{885D819B-99E6-70A8-1F25-657084840B41} = {3518C6FE-7C6C-C575-CC03-E8DAA010DCAF}
		{116B0F92-DA76-B1CE-9A75-4D58AC720EB3} = {0F9113EE-888A-26D2-68B0-4A7D0A2A8745}
		{0142017A-4F0D-49FA-BEB8-83428AF69D9D} = {116B0F92-DA76-B1CE-9A75-4D58AC720EB3}
		{4B8885DB-12D2-AD07-1307-819D8E5CA15B} = {0142017A-4F0D-49FA-BEB8-83428AF69D9D}
		{6253B492-0B12-F03F-2F91-479FA705D89B} = {0142017A-4F0D-49FA-BEB8-83428AF69D9D}
		{DF32CC2D-8CB9-E38A-EACB-86C7D0E5D5AC} = {0142017A-4F0D-49FA-BEB8-83428AF69D9D}
		{83357C71-46E2-C4CC-B7C2-4D7F651F8E34} = {0142017A-4F0D-49FA-BEB8-83428AF69D9D}
		{A08010CD-F96C-0651-09A1-8A960D12CCF1} = {116B0F92-DA76-B1CE-9A75-4D58AC720EB3}
		{F082A018-EBA1-DE1D-12A8-ABF9BBD39600} = {A08010CD-F96C-0651-09A1-8A960D12CCF1}
		{55367230-FFF9-EA15-5F29-91CC5B18B0B6} = {A08010CD-F96C-0651-09A1-8A960D12CCF1}
		{D4CA44AC-E653-DCA2-2B18-1BAEF5D76E05} = {A08010CD-F96C-0651-09A1-8A960D12CCF1}
		{8A7D1388-6492-6352-9889-C8F27B7198A9} = {A08010CD-F96C-0651-09A1-8A960D12CCF1}
		{12D5C1CE-B255-8106-623E-76FA7AA2DC60} = {116B0F92-DA76-B1CE-9A75-4D58AC720EB3}
		{D8C61C75-E128-3612-D13F-C86A6627F9AF} = {12D5C1CE-B255-8106-623E-76FA7AA2DC60}
		{B4DF3AA4-D41D-C57F-69FC-2ED2A998220D} = {12D5C1CE-B255-8106-623E-76FA7AA2DC60}
		{27FFF9D6-1E3E-ADD5-94D4-6D66615781AE} = {12D5C1CE-B255-8106-623E-76FA7AA2DC60}
		{912DABC5-D065-5F38-2B60-61B0E1B368B2} = {12D5C1CE-B255-8106-623E-76FA7AA2DC60}
		{9E0FC3C4-DA54-3958-6A06-47BF9ABE71F9} = {116B0F92-DA76-B1CE-9A75-4D58AC720EB3}
		{83763E3C-1544-D78B-96D7-A069F5BB161F} = {9E0FC3C4-DA54-3958-6A06-47BF9ABE71F9}
		{F19A0217-EEB5-BC18-51C5-1F2B4B6DF53A} = {9E0FC3C4-DA54-3958-6A06-47BF9ABE71F9}
		{FFBE6B22-A129-EC8C-9EFC-8D955EF6F7DA} = {9E0FC3C4-DA54-3958-6A06-47BF9ABE71F9}
		{CCB88F77-C19B-8224-A881-FB19A95637BC} = {9E0FC3C4-DA54-3958-6A06-47BF9ABE71F9}
		{F2683523-0233-7C17-9FFE-28740B89CC5F} = {116B0F92-DA76-B1CE-9A75-4D58AC720EB3}
		{8D6DD42C-7406-C142-6DD2-E863D82BE96D} = {F2683523-0233-7C17-9FFE-28740B89CC5F}
	EndGlobalSection
	GlobalSection(ExtensibilityGlobals) = postSolution
		SolutionGuid = {52677F9D-E46C-4814-AF6A-77E4C843DE7D}
	EndGlobalSection
EndGlobal
